// !$*UTF8*$!
{
	archiveVersion = 1;
	classes = {
	};
	objectVersion = 46;
	objects = {

/* Begin PBXBuildFile section */
		24BCBBC01CE46B7F001C11E8 /* AppDelegate.swift in Sources */ = {isa = PBXBuildFile; fileRef = 24BCBBBF1CE46B7F001C11E8 /* AppDelegate.swift */; };
		24BCBBC21CE46B7F001C11E8 /* ViewController.swift in Sources */ = {isa = PBXBuildFile; fileRef = 24BCBBC11CE46B7F001C11E8 /* ViewController.swift */; };
		24BCBBD51CE46B7F001C11E8 /* MGHandbookTests.swift in Sources */ = {isa = PBXBuildFile; fileRef = 24BCBBD41CE46B7F001C11E8 /* MGHandbookTests.swift */; };
		24BCBBE01CE46B7F001C11E8 /* MGHandbookUITests.swift in Sources */ = {isa = PBXBuildFile; fileRef = 24BCBBDF1CE46B7F001C11E8 /* MGHandbookUITests.swift */; };
		24BCBBF41CE46BBF001C11E8 /* Assets.xcassets in Resources */ = {isa = PBXBuildFile; fileRef = 24BCBBEE1CE46BBF001C11E8 /* Assets.xcassets */; };
		24BCBBF51CE46BBF001C11E8 /* LaunchScreen.storyboard in Resources */ = {isa = PBXBuildFile; fileRef = 24BCBBEF1CE46BBF001C11E8 /* LaunchScreen.storyboard */; };
		24BCBBF61CE46BBF001C11E8 /* Main.storyboard in Resources */ = {isa = PBXBuildFile; fileRef = 24BCBBF11CE46BBF001C11E8 /* Main.storyboard */; };
		24BCBBF71CE46BBF001C11E8 /* Info.plist in Resources */ = {isa = PBXBuildFile; fileRef = 24BCBBF31CE46BBF001C11E8 /* Info.plist */; };
		24BCBBFC1CE46CAE001C11E8 /* MGBasicSkilsViewController.swift in Sources */ = {isa = PBXBuildFile; fileRef = 24BCBBF91CE46CAE001C11E8 /* MGBasicSkilsViewController.swift */; };
		24BCBBFD1CE46CAE001C11E8 /* MGDesignPatternViewController.swift in Sources */ = {isa = PBXBuildFile; fileRef = 24BCBBFB1CE46CAE001C11E8 /* MGDesignPatternViewController.swift */; };
/* End PBXBuildFile section */

/* Begin PBXContainerItemProxy section */
		24BCBBD11CE46B7F001C11E8 /* PBXContainerItemProxy */ = {
			isa = PBXContainerItemProxy;
			containerPortal = 24BCBBB41CE46B7F001C11E8 /* Project object */;
			proxyType = 1;
			remoteGlobalIDString = 24BCBBBB1CE46B7F001C11E8;
			remoteInfo = MGHandbook;
		};
		24BCBBDC1CE46B7F001C11E8 /* PBXContainerItemProxy */ = {
			isa = PBXContainerItemProxy;
			containerPortal = 24BCBBB41CE46B7F001C11E8 /* Project object */;
			proxyType = 1;
			remoteGlobalIDString = 24BCBBBB1CE46B7F001C11E8;
			remoteInfo = MGHandbook;
		};
/* End PBXContainerItemProxy section */

/* Begin PBXFileReference section */
		24BCBBBC1CE46B7F001C11E8 /* MGHandbook.app */ = {isa = PBXFileReference; explicitFileType = wrapper.application; includeInIndex = 0; path = MGHandbook.app; sourceTree = BUILT_PRODUCTS_DIR; };
		24BCBBBF1CE46B7F001C11E8 /* AppDelegate.swift */ = {isa = PBXFileReference; lastKnownFileType = sourcecode.swift; path = AppDelegate.swift; sourceTree = "<group>"; };
		24BCBBC11CE46B7F001C11E8 /* ViewController.swift */ = {isa = PBXFileReference; lastKnownFileType = sourcecode.swift; path = ViewController.swift; sourceTree = "<group>"; };
		24BCBBD01CE46B7F001C11E8 /* MGHandbookTests.xctest */ = {isa = PBXFileReference; explicitFileType = wrapper.cfbundle; includeInIndex = 0; path = MGHandbookTests.xctest; sourceTree = BUILT_PRODUCTS_DIR; };
		24BCBBD41CE46B7F001C11E8 /* MGHandbookTests.swift */ = {isa = PBXFileReference; lastKnownFileType = sourcecode.swift; path = MGHandbookTests.swift; sourceTree = "<group>"; };
		24BCBBD61CE46B7F001C11E8 /* Info.plist */ = {isa = PBXFileReference; lastKnownFileType = text.plist.xml; path = Info.plist; sourceTree = "<group>"; };
		24BCBBDB1CE46B7F001C11E8 /* MGHandbookUITests.xctest */ = {isa = PBXFileReference; explicitFileType = wrapper.cfbundle; includeInIndex = 0; path = MGHandbookUITests.xctest; sourceTree = BUILT_PRODUCTS_DIR; };
		24BCBBDF1CE46B7F001C11E8 /* MGHandbookUITests.swift */ = {isa = PBXFileReference; lastKnownFileType = sourcecode.swift; path = MGHandbookUITests.swift; sourceTree = "<group>"; };
		24BCBBE11CE46B7F001C11E8 /* Info.plist */ = {isa = PBXFileReference; lastKnownFileType = text.plist.xml; path = Info.plist; sourceTree = "<group>"; };
		24BCBBEE1CE46BBF001C11E8 /* Assets.xcassets */ = {isa = PBXFileReference; lastKnownFileType = folder.assetcatalog; path = Assets.xcassets; sourceTree = "<group>"; };
		24BCBBF01CE46BBF001C11E8 /* Base */ = {isa = PBXFileReference; lastKnownFileType = file.storyboard; name = Base; path = Base.lproj/LaunchScreen.storyboard; sourceTree = "<group>"; };
		24BCBBF21CE46BBF001C11E8 /* Base */ = {isa = PBXFileReference; lastKnownFileType = file.storyboard; name = Base; path = Base.lproj/Main.storyboard; sourceTree = "<group>"; };
		24BCBBF31CE46BBF001C11E8 /* Info.plist */ = {isa = PBXFileReference; fileEncoding = 4; lastKnownFileType = text.plist.xml; path = Info.plist; sourceTree = "<group>"; };
		24BCBBF91CE46CAE001C11E8 /* MGBasicSkilsViewController.swift */ = {isa = PBXFileReference; fileEncoding = 4; lastKnownFileType = sourcecode.swift; path = MGBasicSkilsViewController.swift; sourceTree = "<group>"; };
		24BCBBFB1CE46CAE001C11E8 /* MGDesignPatternViewController.swift */ = {isa = PBXFileReference; fileEncoding = 4; lastKnownFileType = sourcecode.swift; path = MGDesignPatternViewController.swift; sourceTree = "<group>"; };
/* End PBXFileReference section */

/* Begin PBXFrameworksBuildPhase section */
		24BCBBB91CE46B7F001C11E8 /* Frameworks */ = {
			isa = PBXFrameworksBuildPhase;
			buildActionMask = 2147483647;
			files = (
			);
			runOnlyForDeploymentPostprocessing = 0;
		};
		24BCBBCD1CE46B7F001C11E8 /* Frameworks */ = {
			isa = PBXFrameworksBuildPhase;
			buildActionMask = 2147483647;
			files = (
			);
			runOnlyForDeploymentPostprocessing = 0;
		};
		24BCBBD81CE46B7F001C11E8 /* Frameworks */ = {
			isa = PBXFrameworksBuildPhase;
			buildActionMask = 2147483647;
			files = (
			);
			runOnlyForDeploymentPostprocessing = 0;
		};
/* End PBXFrameworksBuildPhase section */

/* Begin PBXGroup section */
		24BCBBB31CE46B7F001C11E8 = {
			isa = PBXGroup;
			children = (
				24BCBBBE1CE46B7F001C11E8 /* MGHandbook */,
				24BCBBED1CE46BBF001C11E8 /* Resource */,
				24BCBBD31CE46B7F001C11E8 /* MGHandbookTests */,
				24BCBBDE1CE46B7F001C11E8 /* MGHandbookUITests */,
				24BCBBBD1CE46B7F001C11E8 /* Products */,
			);
			sourceTree = "<group>";
		};
		24BCBBBD1CE46B7F001C11E8 /* Products */ = {
			isa = PBXGroup;
			children = (
				24BCBBBC1CE46B7F001C11E8 /* MGHandbook.app */,
				24BCBBD01CE46B7F001C11E8 /* MGHandbookTests.xctest */,
				24BCBBDB1CE46B7F001C11E8 /* MGHandbookUITests.xctest */,
			);
			name = Products;
			sourceTree = "<group>";
		};
		24BCBBBE1CE46B7F001C11E8 /* MGHandbook */ = {
			isa = PBXGroup;
			children = (
				24BCBBBF1CE46B7F001C11E8 /* AppDelegate.swift */,
				24BCBBC11CE46B7F001C11E8 /* ViewController.swift */,
				24BCBBF81CE46CAE001C11E8 /* 基础（Basic Skills） */,
				24BCBBFA1CE46CAE001C11E8 /* 设计模式（Design Parttern） */,
			);
			path = MGHandbook;
			sourceTree = "<group>";
		};
		24BCBBD31CE46B7F001C11E8 /* MGHandbookTests */ = {
			isa = PBXGroup;
			children = (
				24BCBBD41CE46B7F001C11E8 /* MGHandbookTests.swift */,
				24BCBBD61CE46B7F001C11E8 /* Info.plist */,
			);
			path = MGHandbookTests;
			sourceTree = "<group>";
		};
		24BCBBDE1CE46B7F001C11E8 /* MGHandbookUITests */ = {
			isa = PBXGroup;
			children = (
				24BCBBDF1CE46B7F001C11E8 /* MGHandbookUITests.swift */,
				24BCBBE11CE46B7F001C11E8 /* Info.plist */,
			);
			path = MGHandbookUITests;
			sourceTree = "<group>";
		};
		24BCBBED1CE46BBF001C11E8 /* Resource */ = {
			isa = PBXGroup;
			children = (
				24BCBBEE1CE46BBF001C11E8 /* Assets.xcassets */,
				24BCBBEF1CE46BBF001C11E8 /* LaunchScreen.storyboard */,
				24BCBBF11CE46BBF001C11E8 /* Main.storyboard */,
				24BCBBF31CE46BBF001C11E8 /* Info.plist */,
			);
			name = Resource;
			path = MGHandbook/Resource;
			sourceTree = "<group>";
		};
		24BCBBF81CE46CAE001C11E8 /* 基础（Basic Skills） */ = {
			isa = PBXGroup;
			children = (
				24BCBBF91CE46CAE001C11E8 /* MGBasicSkilsViewController.swift */,
			);
			path = "基础（Basic Skills）";
			sourceTree = "<group>";
		};
		24BCBBFA1CE46CAE001C11E8 /* 设计模式（Design Parttern） */ = {
			isa = PBXGroup;
			children = (
				24BCBBFB1CE46CAE001C11E8 /* MGDesignPatternViewController.swift */,
			);
			path = "设计模式（Design Parttern）";
			sourceTree = "<group>";
		};
/* End PBXGroup section */

/* Begin PBXNativeTarget section */
		24BCBBBB1CE46B7F001C11E8 /* MGHandbook */ = {
			isa = PBXNativeTarget;
			buildConfigurationList = 24BCBBE41CE46B7F001C11E8 /* Build configuration list for PBXNativeTarget "MGHandbook" */;
			buildPhases = (
				24BCBBB81CE46B7F001C11E8 /* Sources */,
				24BCBBB91CE46B7F001C11E8 /* Frameworks */,
				24BCBBBA1CE46B7F001C11E8 /* Resources */,
			);
			buildRules = (
			);
			dependencies = (
			);
			name = MGHandbook;
			productName = MGHandbook;
			productReference = 24BCBBBC1CE46B7F001C11E8 /* MGHandbook.app */;
			productType = "com.apple.product-type.application";
		};
		24BCBBCF1CE46B7F001C11E8 /* MGHandbookTests */ = {
			isa = PBXNativeTarget;
			buildConfigurationList = 24BCBBE71CE46B7F001C11E8 /* Build configuration list for PBXNativeTarget "MGHandbookTests" */;
			buildPhases = (
				24BCBBCC1CE46B7F001C11E8 /* Sources */,
				24BCBBCD1CE46B7F001C11E8 /* Frameworks */,
				24BCBBCE1CE46B7F001C11E8 /* Resources */,
			);
			buildRules = (
			);
			dependencies = (
				24BCBBD21CE46B7F001C11E8 /* PBXTargetDependency */,
			);
			name = MGHandbookTests;
			productName = MGHandbookTests;
			productReference = 24BCBBD01CE46B7F001C11E8 /* MGHandbookTests.xctest */;
			productType = "com.apple.product-type.bundle.unit-test";
		};
		24BCBBDA1CE46B7F001C11E8 /* MGHandbookUITests */ = {
			isa = PBXNativeTarget;
			buildConfigurationList = 24BCBBEA1CE46B7F001C11E8 /* Build configuration list for PBXNativeTarget "MGHandbookUITests" */;
			buildPhases = (
				24BCBBD71CE46B7F001C11E8 /* Sources */,
				24BCBBD81CE46B7F001C11E8 /* Frameworks */,
				24BCBBD91CE46B7F001C11E8 /* Resources */,
			);
			buildRules = (
			);
			dependencies = (
				24BCBBDD1CE46B7F001C11E8 /* PBXTargetDependency */,
			);
			name = MGHandbookUITests;
			productName = MGHandbookUITests;
			productReference = 24BCBBDB1CE46B7F001C11E8 /* MGHandbookUITests.xctest */;
			productType = "com.apple.product-type.bundle.ui-testing";
		};
/* End PBXNativeTarget section */

/* Begin PBXProject section */
		24BCBBB41CE46B7F001C11E8 /* Project object */ = {
			isa = PBXProject;
			attributes = {
				LastSwiftUpdateCheck = 0730;
				LastUpgradeCheck = 0730;
				ORGANIZATIONNAME = "Marves Guo";
				TargetAttributes = {
					24BCBBBB1CE46B7F001C11E8 = {
						CreatedOnToolsVersion = 7.3.1;
					};
					24BCBBCF1CE46B7F001C11E8 = {
						CreatedOnToolsVersion = 7.3.1;
						TestTargetID = 24BCBBBB1CE46B7F001C11E8;
					};
					24BCBBDA1CE46B7F001C11E8 = {
						CreatedOnToolsVersion = 7.3.1;
						TestTargetID = 24BCBBBB1CE46B7F001C11E8;
					};
				};
			};
			buildConfigurationList = 24BCBBB71CE46B7F001C11E8 /* Build configuration list for PBXProject "MGHandbook" */;
			compatibilityVersion = "Xcode 3.2";
			developmentRegion = English;
			hasScannedForEncodings = 0;
			knownRegions = (
				en,
				Base,
			);
			mainGroup = 24BCBBB31CE46B7F001C11E8;
			productRefGroup = 24BCBBBD1CE46B7F001C11E8 /* Products */;
			projectDirPath = "";
			projectRoot = "";
			targets = (
				24BCBBBB1CE46B7F001C11E8 /* MGHandbook */,
				24BCBBCF1CE46B7F001C11E8 /* MGHandbookTests */,
				24BCBBDA1CE46B7F001C11E8 /* MGHandbookUITests */,
			);
		};
/* End PBXProject section */

/* Begin PBXResourcesBuildPhase section */
		24BCBBBA1CE46B7F001C11E8 /* Resources */ = {
			isa = PBXResourcesBuildPhase;
			buildActionMask = 2147483647;
			files = (
				24BCBBF71CE46BBF001C11E8 /* Info.plist in Resources */,
				24BCBBF61CE46BBF001C11E8 /* Main.storyboard in Resources */,
				24BCBBF41CE46BBF001C11E8 /* Assets.xcassets in Resources */,
				24BCBBF51CE46BBF001C11E8 /* LaunchScreen.storyboard in Resources */,
			);
			runOnlyForDeploymentPostprocessing = 0;
		};
		24BCBBCE1CE46B7F001C11E8 /* Resources */ = {
			isa = PBXResourcesBuildPhase;
			buildActionMask = 2147483647;
			files = (
			);
			runOnlyForDeploymentPostprocessing = 0;
		};
		24BCBBD91CE46B7F001C11E8 /* Resources */ = {
			isa = PBXResourcesBuildPhase;
			buildActionMask = 2147483647;
			files = (
			);
			runOnlyForDeploymentPostprocessing = 0;
		};
/* End PBXResourcesBuildPhase section */

/* Begin PBXSourcesBuildPhase section */
		24BCBBB81CE46B7F001C11E8 /* Sources */ = {
			isa = PBXSourcesBuildPhase;
			buildActionMask = 2147483647;
			files = (
				24BCBBC21CE46B7F001C11E8 /* ViewController.swift in Sources */,
				24BCBBFD1CE46CAE001C11E8 /* MGDesignPatternViewController.swift in Sources */,
				24BCBBFC1CE46CAE001C11E8 /* MGBasicSkilsViewController.swift in Sources */,
				24BCBBC01CE46B7F001C11E8 /* AppDelegate.swift in Sources */,
			);
			runOnlyForDeploymentPostprocessing = 0;
		};
		24BCBBCC1CE46B7F001C11E8 /* Sources */ = {
			isa = PBXSourcesBuildPhase;
			buildActionMask = 2147483647;
			files = (
				24BCBBD51CE46B7F001C11E8 /* MGHandbookTests.swift in Sources */,
			);
			runOnlyForDeploymentPostprocessing = 0;
		};
		24BCBBD71CE46B7F001C11E8 /* Sources */ = {
			isa = PBXSourcesBuildPhase;
			buildActionMask = 2147483647;
			files = (
				24BCBBE01CE46B7F001C11E8 /* MGHandbookUITests.swift in Sources */,
			);
			runOnlyForDeploymentPostprocessing = 0;
		};
/* End PBXSourcesBuildPhase section */

/* Begin PBXTargetDependency section */
		24BCBBD21CE46B7F001C11E8 /* PBXTargetDependency */ = {
			isa = PBXTargetDependency;
			target = 24BCBBBB1CE46B7F001C11E8 /* MGHandbook */;
			targetProxy = 24BCBBD11CE46B7F001C11E8 /* PBXContainerItemProxy */;
		};
		24BCBBDD1CE46B7F001C11E8 /* PBXTargetDependency */ = {
			isa = PBXTargetDependency;
			target = 24BCBBBB1CE46B7F001C11E8 /* MGHandbook */;
			targetProxy = 24BCBBDC1CE46B7F001C11E8 /* PBXContainerItemProxy */;
		};
/* End PBXTargetDependency section */

/* Begin PBXVariantGroup section */
		24BCBBEF1CE46BBF001C11E8 /* LaunchScreen.storyboard */ = {
			isa = PBXVariantGroup;
			children = (
				24BCBBF01CE46BBF001C11E8 /* Base */,
			);
			name = LaunchScreen.storyboard;
			sourceTree = "<group>";
		};
		24BCBBF11CE46BBF001C11E8 /* Main.storyboard */ = {
			isa = PBXVariantGroup;
			children = (
				24BCBBF21CE46BBF001C11E8 /* Base */,
			);
			name = Main.storyboard;
			sourceTree = "<group>";
		};
/* End PBXVariantGroup section */

/* Begin XCBuildConfiguration section */
		24BCBBE21CE46B7F001C11E8 /* Debug */ = {
			isa = XCBuildConfiguration;
			buildSettings = {
				ALWAYS_SEARCH_USER_PATHS = NO;
				CLANG_ANALYZER_NONNULL = YES;
				CLANG_CXX_LANGUAGE_STANDARD = "gnu++0x";
				CLANG_CXX_LIBRARY = "libc++";
				CLANG_ENABLE_MODULES = YES;
				CLANG_ENABLE_OBJC_ARC = YES;
				CLANG_WARN_BOOL_CONVERSION = YES;
				CLANG_WARN_CONSTANT_CONVERSION = YES;
				CLANG_WARN_DIRECT_OBJC_ISA_USAGE = YES_ERROR;
				CLANG_WARN_EMPTY_BODY = YES;
				CLANG_WARN_ENUM_CONVERSION = YES;
				CLANG_WARN_INT_CONVERSION = YES;
				CLANG_WARN_OBJC_ROOT_CLASS = YES_ERROR;
				CLANG_WARN_UNREACHABLE_CODE = YES;
				CLANG_WARN__DUPLICATE_METHOD_MATCH = YES;
				"CODE_SIGN_IDENTITY[sdk=iphoneos*]" = "iPhone Developer";
				COPY_PHASE_STRIP = NO;
				DEBUG_INFORMATION_FORMAT = dwarf;
				ENABLE_STRICT_OBJC_MSGSEND = YES;
				ENABLE_TESTABILITY = YES;
				GCC_C_LANGUAGE_STANDARD = gnu99;
				GCC_DYNAMIC_NO_PIC = NO;
				GCC_NO_COMMON_BLOCKS = YES;
				GCC_OPTIMIZATION_LEVEL = 0;
				GCC_PREPROCESSOR_DEFINITIONS = (
					"DEBUG=1",
					"$(inherited)",
				);
				GCC_WARN_64_TO_32_BIT_CONVERSION = YES;
				GCC_WARN_ABOUT_RETURN_TYPE = YES_ERROR;
				GCC_WARN_UNDECLARED_SELECTOR = YES;
				GCC_WARN_UNINITIALIZED_AUTOS = YES_AGGRESSIVE;
				GCC_WARN_UNUSED_FUNCTION = YES;
				GCC_WARN_UNUSED_VARIABLE = YES;
				IPHONEOS_DEPLOYMENT_TARGET = 9.3;
				MTL_ENABLE_DEBUG_INFO = YES;
				ONLY_ACTIVE_ARCH = YES;
				SDKROOT = iphoneos;
				SWIFT_OPTIMIZATION_LEVEL = "-Onone";
			};
			name = Debug;
		};
		24BCBBE31CE46B7F001C11E8 /* Release */ = {
			isa = XCBuildConfiguration;
			buildSettings = {
				ALWAYS_SEARCH_USER_PATHS = NO;
				CLANG_ANALYZER_NONNULL = YES;
				CLANG_CXX_LANGUAGE_STANDARD = "gnu++0x";
				CLANG_CXX_LIBRARY = "libc++";
				CLANG_ENABLE_MODULES = YES;
				CLANG_ENABLE_OBJC_ARC = YES;
				CLANG_WARN_BOOL_CONVERSION = YES;
				CLANG_WARN_CONSTANT_CONVERSION = YES;
				CLANG_WARN_DIRECT_OBJC_ISA_USAGE = YES_ERROR;
				CLANG_WARN_EMPTY_BODY = YES;
				CLANG_WARN_ENUM_CONVERSION = YES;
				CLANG_WARN_INT_CONVERSION = YES;
				CLANG_WARN_OBJC_ROOT_CLASS = YES_ERROR;
				CLANG_WARN_UNREACHABLE_CODE = YES;
				CLANG_WARN__DUPLICATE_METHOD_MATCH = YES;
				"CODE_SIGN_IDENTITY[sdk=iphoneos*]" = "iPhone Developer";
				COPY_PHASE_STRIP = NO;
				DEBUG_INFORMATION_FORMAT = "dwarf-with-dsym";
				ENABLE_NS_ASSERTIONS = NO;
				ENABLE_STRICT_OBJC_MSGSEND = YES;
				GCC_C_LANGUAGE_STANDARD = gnu99;
				GCC_NO_COMMON_BLOCKS = YES;
				GCC_WARN_64_TO_32_BIT_CONVERSION = YES;
				GCC_WARN_ABOUT_RETURN_TYPE = YES_ERROR;
				GCC_WARN_UNDECLARED_SELECTOR = YES;
				GCC_WARN_UNINITIALIZED_AUTOS = YES_AGGRESSIVE;
				GCC_WARN_UNUSED_FUNCTION = YES;
				GCC_WARN_UNUSED_VARIABLE = YES;
				IPHONEOS_DEPLOYMENT_TARGET = 9.3;
				MTL_ENABLE_DEBUG_INFO = NO;
				SDKROOT = iphoneos;
				VALIDATE_PRODUCT = YES;
			};
			name = Release;
		};
		24BCBBE51CE46B7F001C11E8 /* Debug */ = {
			isa = XCBuildConfiguration;
			buildSettings = {
				ASSETCATALOG_COMPILER_APPICON_NAME = AppIcon;
				INFOPLIST_FILE = MGHandbook/Resource/Info.plist;
				LD_RUNPATH_SEARCH_PATHS = "$(inherited) @executable_path/Frameworks";
				PRODUCT_BUNDLE_IDENTIFIER = com.MarvesGuo.MGHandbook;
				PRODUCT_NAME = "$(TARGET_NAME)";
			};
			name = Debug;
		};
		24BCBBE61CE46B7F001C11E8 /* Release */ = {
			isa = XCBuildConfiguration;
			buildSettings = {
				ASSETCATALOG_COMPILER_APPICON_NAME = AppIcon;
				INFOPLIST_FILE = MGHandbook/Resource/Info.plist;
				LD_RUNPATH_SEARCH_PATHS = "$(inherited) @executable_path/Frameworks";
				PRODUCT_BUNDLE_IDENTIFIER = com.MarvesGuo.MGHandbook;
				PRODUCT_NAME = "$(TARGET_NAME)";
			};
			name = Release;
		};
		24BCBBE81CE46B7F001C11E8 /* Debug */ = {
			isa = XCBuildConfiguration;
			buildSettings = {
				BUNDLE_LOADER = "$(TEST_HOST)";
				INFOPLIST_FILE = MGHandbookTests/Info.plist;
				LD_RUNPATH_SEARCH_PATHS = "$(inherited) @executable_path/Frameworks @loader_path/Frameworks";
				PRODUCT_BUNDLE_IDENTIFIER = com.MarvesGuo.MGHandbookTests;
				PRODUCT_NAME = "$(TARGET_NAME)";
				TEST_HOST = "$(BUILT_PRODUCTS_DIR)/MGHandbook.app/MGHandbook";
			};
			name = Debug;
		};
		24BCBBE91CE46B7F001C11E8 /* Release */ = {
			isa = XCBuildConfiguration;
			buildSettings = {
				BUNDLE_LOADER = "$(TEST_HOST)";
				INFOPLIST_FILE = MGHandbookTests/Info.plist;
				LD_RUNPATH_SEARCH_PATHS = "$(inherited) @executable_path/Frameworks @loader_path/Frameworks";
				PRODUCT_BUNDLE_IDENTIFIER = com.MarvesGuo.MGHandbookTests;
				PRODUCT_NAME = "$(TARGET_NAME)";
				TEST_HOST = "$(BUILT_PRODUCTS_DIR)/MGHandbook.app/MGHandbook";
			};
			name = Release;
		};
		24BCBBEB1CE46B7F001C11E8 /* Debug */ = {
			isa = XCBuildConfiguration;
			buildSettings = {
				INFOPLIST_FILE = MGHandbookUITests/Info.plist;
				LD_RUNPATH_SEARCH_PATHS = "$(inherited) @executable_path/Frameworks @loader_path/Frameworks";
				PRODUCT_BUNDLE_IDENTIFIER = com.MarvesGuo.MGHandbookUITests;
				PRODUCT_NAME = "$(TARGET_NAME)";
				TEST_TARGET_NAME = MGHandbook;
			};
			name = Debug;
		};
		24BCBBEC1CE46B7F001C11E8 /* Release */ = {
			isa = XCBuildConfiguration;
			buildSettings = {
				INFOPLIST_FILE = MGHandbookUITests/Info.plist;
				LD_RUNPATH_SEARCH_PATHS = "$(inherited) @executable_path/Frameworks @loader_path/Frameworks";
				PRODUCT_BUNDLE_IDENTIFIER = com.MarvesGuo.MGHandbookUITests;
				PRODUCT_NAME = "$(TARGET_NAME)";
				TEST_TARGET_NAME = MGHandbook;
			};
			name = Release;
		};
/* End XCBuildConfiguration section */

/* Begin XCConfigurationList section */
		24BCBBB71CE46B7F001C11E8 /* Build configuration list for PBXProject "MGHandbook" */ = {
			isa = XCConfigurationList;
			buildConfigurations = (
				24BCBBE21CE46B7F001C11E8 /* Debug */,
				24BCBBE31CE46B7F001C11E8 /* Release */,
			);
			defaultConfigurationIsVisible = 0;
			defaultConfigurationName = Release;
		};
		24BCBBE41CE46B7F001C11E8 /* Build configuration list for PBXNativeTarget "MGHandbook" */ = {
			isa = XCConfigurationList;
			buildConfigurations = (
				24BCBBE51CE46B7F001C11E8 /* Debug */,
				24BCBBE61CE46B7F001C11E8 /* Release */,
			);
			defaultConfigurationIsVisible = 0;
		};
		24BCBBE71CE46B7F001C11E8 /* Build configuration list for PBXNativeTarget "MGHandbookTests" */ = {
			isa = XCConfigurationList;
			buildConfigurations = (
				24BCBBE81CE46B7F001C11E8 /* Debug */,
				24BCBBE91CE46B7F001C11E8 /* Release */,
			);
			defaultConfigurationIsVisible = 0;
		};
		24BCBBEA1CE46B7F001C11E8 /* Build configuration list for PBXNativeTarget "MGHandbookUITests" */ = {
			isa = XCConfigurationList;
			buildConfigurations = (
				24BCBBEB1CE46B7F001C11E8 /* Debug */,
				24BCBBEC1CE46B7F001C11E8 /* Release */,
			);
			defaultConfigurationIsVisible = 0;
		};
/* End XCConfigurationList section */
	};
	rootObject = 24BCBBB41CE46B7F001C11E8 /* Project object */;
}
